
Microsoft Visual Studio Solution File, Format Version 12.00
# Visual Studio Version 17
VisualStudioVersion = 17.12.35506.116
MinimumVisualStudioVersion = 10.0.40219.1
Project("{FAE04EC0-301F-11D3-BF4B-00C04F79EFBC}") = "ECommons", "ECommons\ECommons\ECommons.csproj", "{A5900D42-B8C9-4A1B-B87B-C8DFC92EF8FB}"
EndProject
Project("{2150E333-8FDC-42A3-9474-1A3956D46DE8}") = "Solution Items", "Solution Items", "{70FA308F-B135-4A66-B1D8-A3BC2C5617E1}"
	ProjectSection(SolutionItems) = preProject
		.editorconfig = .editorconfig
	EndProjectSection
EndProject
Project("{FAE04EC0-301F-11D3-BF4B-00C04F79EFBC}") = "ICE", "ICE\ICE.csproj", "{A9C47FC4-AF93-4DEC-AE2A-BEF4184CC17C}"
EndProject
Project("{FAE04EC0-301F-11D3-BF4B-00C04F79EFBC}") = "Pictomancy", "ffxiv_pictomancy\Pictomancy\Pictomancy.csproj", "{825F17D8-2704-24F6-DF8B-2542AC92C765}"
EndProject
Global
	GlobalSection(SolutionConfigurationPlatforms) = preSolution
		Debug|x64 = Debug|x64
		Release|x64 = Release|x64
	EndGlobalSection
	GlobalSection(ProjectConfigurationPlatforms) = postSolution
		{A5900D42-B8C9-4A1B-B87B-C8DFC92EF8FB}.Debug|x64.ActiveCfg = Debug|x64
		{A5900D42-B8C9-4A1B-B87B-C8DFC92EF8FB}.Debug|x64.Build.0 = Debug|x64
		{A5900D42-B8C9-4A1B-B87B-C8DFC92EF8FB}.Release|x64.ActiveCfg = Release|x64
		{A5900D42-B8C9-4A1B-B87B-C8DFC92EF8FB}.Release|x64.Build.0 = Release|x64
		{A9C47FC4-AF93-4DEC-AE2A-BEF4184CC17C}.Debug|x64.ActiveCfg = Debug|x64
		{A9C47FC4-AF93-4DEC-AE2A-BEF4184CC17C}.Debug|x64.Build.0 = Debug|x64
		{A9C47FC4-AF93-4DEC-AE2A-BEF4184CC17C}.Release|x64.ActiveCfg = Release|x64
		{A9C47FC4-AF93-4DEC-AE2A-BEF4184CC17C}.Release|x64.Build.0 = Release|x64
		{825F17D8-2704-24F6-DF8B-2542AC92C765}.Debug|x64.ActiveCfg = Debug|x64
		{825F17D8-2704-24F6-DF8B-2542AC92C765}.Debug|x64.Build.0 = Debug|x64
		{825F17D8-2704-24F6-DF8B-2542AC92C765}.Release|x64.ActiveCfg = Release|x64
		{825F17D8-2704-24F6-DF8B-2542AC92C765}.Release|x64.Build.0 = Release|x64
	EndGlobalSection
	GlobalSection(SolutionProperties) = preSolution
		HideSolutionNode = FALSE
	EndGlobalSection
	GlobalSection(ExtensibilityGlobals) = postSolution
		SolutionGuid = {B17E85B1-5F60-4440-9F9A-3DDE877E8CDF}
	EndGlobalSection
EndGlobal
